// !$*UTF8*$!
{
	archiveVersion = 1;
	classes = {
	};
	objectVersion = 46;
	objects = {

/* Begin PBXBuildFile section */
		0770F9181C89704E007D7CDB /* main.m in Sources */ = {isa = PBXBuildFile; fileRef = 0770F9171C89704E007D7CDB /* main.m */; };
		0770F91B1C89704E007D7CDB /* AppDelegate.m in Sources */ = {isa = PBXBuildFile; fileRef = 0770F91A1C89704E007D7CDB /* AppDelegate.m */; };
		0770F91E1C89704E007D7CDB /* ViewController.m in Sources */ = {isa = PBXBuildFile; fileRef = 0770F91D1C89704E007D7CDB /* ViewController.m */; };
		0770F9211C89704E007D7CDB /* Main.storyboard in Resources */ = {isa = PBXBuildFile; fileRef = 0770F91F1C89704E007D7CDB /* Main.storyboard */; };
		0770F9231C89704E007D7CDB /* Assets.xcassets in Resources */ = {isa = PBXBuildFile; fileRef = 0770F9221C89704E007D7CDB /* Assets.xcassets */; };
		0770F9261C89704E007D7CDB /* LaunchScreen.storyboard in Resources */ = {isa = PBXBuildFile; fileRef = 0770F9241C89704E007D7CDB /* LaunchScreen.storyboard */; };
		0770F92F1C8971EE007D7CDB /* KWindowView.m in Sources */ = {isa = PBXBuildFile; fileRef = 0770F92E1C8971EE007D7CDB /* KWindowView.m */; };
		0770F9321C8984D9007D7CDB /* DYScrollView.m in Sources */ = {isa = PBXBuildFile; fileRef = 0770F9311C8984D9007D7CDB /* DYScrollView.m */; };
/* End PBXBuildFile section */

/* Begin PBXFileReference section */
		0770F9131C89704E007D7CDB /* ScrollViewZoomTest.app */ = {isa = PBXFileReference; explicitFileType = wrapper.application; includeInIndex = 0; path = ScrollViewZoomTest.app; sourceTree = BUILT_PRODUCTS_DIR; };
		0770F9171C89704E007D7CDB /* main.m */ = {isa = PBXFileReference; lastKnownFileType = sourcecode.c.objc; path = main.m; sourceTree = "<group>"; };
		0770F9191C89704E007D7CDB /* AppDelegate.h */ = {isa = PBXFileReference; lastKnownFileType = sourcecode.c.h; path = AppDelegate.h; sourceTree = "<group>"; };
		0770F91A1C89704E007D7CDB /* AppDelegate.m */ = {isa = PBXFileReference; lastKnownFileType = sourcecode.c.objc; path = AppDelegate.m; sourceTree = "<group>"; };
		0770F91C1C89704E007D7CDB /* ViewController.h */ = {isa = PBXFileReference; lastKnownFileType = sourcecode.c.h; path = ViewController.h; sourceTree = "<group>"; };
		0770F91D1C89704E007D7CDB /* ViewController.m */ = {isa = PBXFileReference; lastKnownFileType = sourcecode.c.objc; path = ViewController.m; sourceTree = "<group>"; };
		0770F9201C89704E007D7CDB /* Base */ = {isa = PBXFileReference; lastKnownFileType = file.storyboard; name = Base; path = Base.lproj/Main.storyboard; sourceTree = "<group>"; };
		0770F9221C89704E007D7CDB /* Assets.xcassets */ = {isa = PBXFileReference; lastKnownFileType = folder.assetcatalog; path = Assets.xcassets; sourceTree = "<group>"; };
		0770F9251C89704E007D7CDB /* Base */ = {isa = PBXFileReference; lastKnownFileType = file.storyboard; name = Base; path = Base.lproj/LaunchScreen.storyboard; sourceTree = "<group>"; };
		0770F9271C89704E007D7CDB /* Info.plist */ = {isa = PBXFileReference; lastKnownFileType = text.plist.xml; path = Info.plist; sourceTree = "<group>"; };
		0770F92D1C8971EE007D7CDB /* KWindowView.h */ = {isa = PBXFileReference; fileEncoding = 4; lastKnownFileType = sourcecode.c.h; path = KWindowView.h; sourceTree = "<group>"; };
		0770F92E1C8971EE007D7CDB /* KWindowView.m */ = {isa = PBXFileReference; fileEncoding = 4; lastKnownFileType = sourcecode.c.objc; path = KWindowView.m; sourceTree = "<group>"; };
		0770F9301C8984D9007D7CDB /* DYScrollView.h */ = {isa = PBXFileReference; fileEncoding = 4; lastKnownFileType = sourcecode.c.h; path = DYScrollView.h; sourceTree = "<group>"; };
		0770F9311C8984D9007D7CDB /* DYScrollView.m */ = {isa = PBXFileReference; fileEncoding = 4; lastKnownFileType = sourcecode.c.objc; path = DYScrollView.m; sourceTree = "<group>"; };
/* End PBXFileReference section */

/* Begin PBXFrameworksBuildPhase section */
		0770F9101C89704E007D7CDB /* Frameworks */ = {
			isa = PBXFrameworksBuildPhase;
			buildActionMask = 2147483647;
			files = (
			);
			runOnlyForDeploymentPostprocessing = 0;
		};
/* End PBXFrameworksBuildPhase section */

/* Begin PBXGroup section */
		0770F90A1C89704E007D7CDB = {
			isa = PBXGroup;
			children = (
				0770F9151C89704E007D7CDB /* ScrollViewZoomTest */,
				0770F9141C89704E007D7CDB /* Products */,
			);
			sourceTree = "<group>";
		};
		0770F9141C89704E007D7CDB /* Products */ = {
			isa = PBXGroup;
			children = (
				0770F9131C89704E007D7CDB /* ScrollViewZoomTest.app */,
			);
			name = Products;
			sourceTree = "<group>";
		};
		0770F9151C89704E007D7CDB /* ScrollViewZoomTest */ = {
			isa = PBXGroup;
			children = (
				0770F9191C89704E007D7CDB /* AppDelegate.h */,
				0770F91A1C89704E007D7CDB /* AppDelegate.m */,
				0770F91C1C89704E007D7CDB /* ViewController.h */,
				0770F91D1C89704E007D7CDB /* ViewController.m */,
				0770F9301C8984D9007D7CDB /* DYScrollView.h */,
				0770F9311C8984D9007D7CDB /* DYScrollView.m */,
				0770F92D1C8971EE007D7CDB /* KWindowView.h */,
				0770F92E1C8971EE007D7CDB /* KWindowView.m */,
				0770F91F1C89704E007D7CDB /* Main.storyboard */,
				0770F9221C89704E007D7CDB /* Assets.xcassets */,
				0770F9241C89704E007D7CDB /* LaunchScreen.storyboard */,
				0770F9271C89704E007D7CDB /* Info.plist */,
				0770F9161C89704E007D7CDB /* Supporting Files */,
			);
			path = ScrollViewZoomTest;
			sourceTree = "<group>";
		};
		0770F9161C89704E007D7CDB /* Supporting Files */ = {
			isa = PBXGroup;
			children = (
				0770F9171C89704E007D7CDB /* main.m */,
			);
			name = "Supporting Files";
			sourceTree = "<group>";
		};
/* End PBXGroup section */

/* Begin PBXNativeTarget section */
		0770F9121C89704E007D7CDB /* ScrollViewZoomTest */ = {
			isa = PBXNativeTarget;
			buildConfigurationList = 0770F92A1C89704E007D7CDB /* Build configuration list for PBXNativeTarget "ScrollViewZoomTest" */;
			buildPhases = (
				0770F90F1C89704E007D7CDB /* Sources */,
				0770F9101C89704E007D7CDB /* Frameworks */,
				0770F9111C89704E007D7CDB /* Resources */,
			);
			buildRules = (
			);
			dependencies = (
			);
			name = ScrollViewZoomTest;
			productName = ScrollViewZoomTest;
			productReference = 0770F9131C89704E007D7CDB /* ScrollViewZoomTest.app */;
			productType = "com.apple.product-type.application";
		};
/* End PBXNativeTarget section */

/* Begin PBXProject section */
		0770F90B1C89704E007D7CDB /* Project object */ = {
			isa = PBXProject;
			attributes = {
				LastUpgradeCheck = 0720;
				ORGANIZATIONNAME = huang;
				TargetAttributes = {
					0770F9121C89704E007D7CDB = {
						CreatedOnToolsVersion = 7.2;
					};
				};
			};
			buildConfigurationList = 0770F90E1C89704E007D7CDB /* Build configuration list for PBXProject "ScrollViewZoomTest" */;
			compatibilityVersion = "Xcode 3.2";
			developmentRegion = English;
			hasScannedForEncodings = 0;
			knownRegions = (
				en,
				Base,
			);
			mainGroup = 0770F90A1C89704E007D7CDB;
			productRefGroup = 0770F9141C89704E007D7CDB /* Products */;
			projectDirPath = "";
			projectRoot = "";
			targets = (
				0770F9121C89704E007D7CDB /* ScrollViewZoomTest */,
			);
		};
/* End PBXProject section */

/* Begin PBXResourcesBuildPhase section */
		0770F9111C89704E007D7CDB /* Resources */ = {
			isa = PBXResourcesBuildPhase;
			buildActionMask = 2147483647;
			files = (
				0770F9261C89704E007D7CDB /* LaunchScreen.storyboard in Resources */,
				0770F9231C89704E007D7CDB /* Assets.xcassets in Resources */,
				0770F9211C89704E007D7CDB /* Main.storyboard in Resources */,
			);
			runOnlyForDeploymentPostprocessing = 0;
		};
/* End PBXResourcesBuildPhase section */

/* Begin PBXSourcesBuildPhase section */
		0770F90F1C89704E007D7CDB /* Sources */ = {
			isa = PBXSourcesBuildPhase;
			buildActionMask = 2147483647;
			files = (
				0770F9321C8984D9007D7CDB /* DYScrollView.m in Sources */,
				0770F91E1C89704E007D7CDB /* ViewController.m in Sources */,
				0770F91B1C89704E007D7CDB /* AppDelegate.m in Sources */,
				0770F92F1C8971EE007D7CDB /* KWindowView.m in Sources */,
				0770F9181C89704E007D7CDB /* main.m in Sources */,
			);
			runOnlyForDeploymentPostprocessing = 0;
		};
/* End PBXSourcesBuildPhase section */

/* Begin PBXVariantGroup section */
		0770F91F1C89704E007D7CDB /* Main.storyboard */ = {
			isa = PBXVariantGroup;
			children = (
				0770F9201C89704E007D7CDB /* Base */,
			);
			name = Main.storyboard;
			sourceTree = "<group>";
		};
		0770F9241C89704E007D7CDB /* LaunchScreen.storyboard */ = {
			isa = PBXVariantGroup;
			children = (
				0770F9251C89704E007D7CDB /* Base */,
			);
			name = LaunchScreen.storyboard;
			sourceTree = "<group>";
		};
/* End PBXVariantGroup section */

/* Begin XCBuildConfiguration section */
		0770F9281C89704E007D7CDB /* Debug */ = {
			isa = XCBuildConfiguration;
			buildSettings = {
				ALWAYS_SEARCH_USER_PATHS = NO;
				CLANG_CXX_LANGUAGE_STANDARD = "gnu++0x";
				CLANG_CXX_LIBRARY = "libc++";
				CLANG_ENABLE_MODULES = YES;
				CLANG_ENABLE_OBJC_ARC = YES;
				CLANG_WARN_BOOL_CONVERSION = YES;
				CLANG_WARN_CONSTANT_CONVERSION = YES;
				CLANG_WARN_DIRECT_OBJC_ISA_USAGE = YES_ERROR;
				CLANG_WARN_EMPTY_BODY = YES;
				CLANG_WARN_ENUM_CONVERSION = YES;
				CLANG_WARN_INT_CONVERSION = YES;
				CLANG_WARN_OBJC_ROOT_CLASS = YES_ERROR;
				CLANG_WARN_UNREACHABLE_CODE = YES;
				CLANG_WARN__DUPLICATE_METHOD_MATCH = YES;
				"CODE_SIGN_IDENTITY[sdk=iphoneos*]" = "iPhone Developer";
				COPY_PHASE_STRIP = NO;
				DEBUG_INFORMATION_FORMAT = dwarf;
				ENABLE_STRICT_OBJC_MSGSEND = YES;
				ENABLE_TESTABILITY = YES;
				GCC_C_LANGUAGE_STANDARD = gnu99;
				GCC_DYNAMIC_NO_PIC = NO;
				GCC_NO_COMMON_BLOCKS = YES;
				GCC_OPTIMIZATION_LEVEL = 0;
				GCC_PREPROCESSOR_DEFINITIONS = (
					"DEBUG=1",
					"$(inherited)",
				);
				GCC_WARN_64_TO_32_BIT_CONVERSION = YES;
				GCC_WARN_ABOUT_RETURN_TYPE = YES_ERROR;
				GCC_WARN_UNDECLARED_SELECTOR = YES;
				GCC_WARN_UNINITIALIZED_AUTOS = YES_AGGRESSIVE;
				GCC_WARN_UNUSED_FUNCTION = YES;
				GCC_WARN_UNUSED_VARIABLE = YES;
				IPHONEOS_DEPLOYMENT_TARGET = 9.2;
				MTL_ENABLE_DEBUG_INFO = YES;
				ONLY_ACTIVE_ARCH = YES;
				SDKROOT = iphoneos;
			};
			name = Debug;
		};
		0770F9291C89704E007D7CDB /* Release */ = {
			isa = XCBuildConfiguration;
			buildSettings = {
				ALWAYS_SEARCH_USER_PATHS = NO;
				CLANG_CXX_LANGUAGE_STANDARD = "gnu++0x";
				CLANG_CXX_LIBRARY = "libc++";
				CLANG_ENABLE_MODULES = YES;
				CLANG_ENABLE_OBJC_ARC = YES;
				CLANG_WARN_BOOL_CONVERSION = YES;
				CLANG_WARN_CONSTANT_CONVERSION = YES;
				CLANG_WARN_DIRECT_OBJC_ISA_USAGE = YES_ERROR;
				CLANG_WARN_EMPTY_BODY = YES;
				CLANG_WARN_ENUM_CONVERSION = YES;
				CLANG_WARN_INT_CONVERSION = YES;
				CLANG_WARN_OBJC_ROOT_CLASS = YES_ERROR;
				CLANG_WARN_UNREACHABLE_CODE = YES;
				CLANG_WARN__DUPLICATE_METHOD_MATCH = YES;
				"CODE_SIGN_IDENTITY[sdk=iphoneos*]" = "iPhone Developer";
				COPY_PHASE_STRIP = NO;
				DEBUG_INFORMATION_FORMAT = "dwarf-with-dsym";
				ENABLE_NS_ASSERTIONS = NO;
				ENABLE_STRICT_OBJC_MSGSEND = YES;
				GCC_C_LANGUAGE_STANDARD = gnu99;
				GCC_NO_COMMON_BLOCKS = YES;
				GCC_WARN_64_TO_32_BIT_CONVERSION = YES;
				GCC_WARN_ABOUT_RETURN_TYPE = YES_ERROR;
				GCC_WARN_UNDECLARED_SELECTOR = YES;
				GCC_WARN_UNINITIALIZED_AUTOS = YES_AGGRESSIVE;
				GCC_WARN_UNUSED_FUNCTION = YES;
				GCC_WARN_UNUSED_VARIABLE = YES;
				IPHONEOS_DEPLOYMENT_TARGET = 9.2;
				MTL_ENABLE_DEBUG_INFO = NO;
				SDKROOT = iphoneos;
				VALIDATE_PRODUCT = YES;
			};
			name = Release;
		};
		0770F92B1C89704E007D7CDB /* Debug */ = {
			isa = XCBuildConfiguration;
			buildSettings = {
				ASSETCATALOG_COMPILER_APPICON_NAME = AppIcon;
				INFOPLIST_FILE = ScrollViewZoomTest/Info.plist;
				LD_RUNPATH_SEARCH_PATHS = "$(inherited) @executable_path/Frameworks";
				PRODUCT_BUNDLE_IDENTIFIER = huang.ScrollViewZoomTest;
				PRODUCT_NAME = "$(TARGET_NAME)";
			};
			name = Debug;
		};
		0770F92C1C89704E007D7CDB /* Release */ = {
			isa = XCBuildConfiguration;
			buildSettings = {
				ASSETCATALOG_COMPILER_APPICON_NAME = AppIcon;
				INFOPLIST_FILE = ScrollViewZoomTest/Info.plist;
				LD_RUNPATH_SEARCH_PATHS = "$(inherited) @executable_path/Frameworks";
				PRODUCT_BUNDLE_IDENTIFIER = huang.ScrollViewZoomTest;
				PRODUCT_NAME = "$(TARGET_NAME)";
			};
			name = Release;
		};
/* End XCBuildConfiguration section */

/* Begin XCConfigurationList section */
		0770F90E1C89704E007D7CDB /* Build configuration list for PBXProject "ScrollViewZoomTest" */ = {
			isa = XCConfigurationList;
			buildConfigurations = (
				0770F9281C89704E007D7CDB /* Debug */,
				0770F9291C89704E007D7CDB /* Release */,
			);
			defaultConfigurationIsVisible = 0;
			defaultConfigurationName = Release;
		};
		0770F92A1C89704E007D7CDB /* Build configuration list for PBXNativeTarget "ScrollViewZoomTest" */ = {
			isa = XCConfigurationList;
			buildConfigurations = (
				0770F92B1C89704E007D7CDB /* Debug */,
				0770F92C1C89704E007D7CDB /* Release */,
			);
			defaultConfigurationIsVisible = 0;
		};
/* End XCConfigurationList section */
	};
	rootObject = 0770F90B1C89704E007D7CDB /* Project object */;
}
